
Microsoft Visual Studio Solution File, Format Version 12.00
Project("{FAE04EC0-301F-11D3-BF4B-00C04F79EFBC}") = "AleTrack", "AleTrack\AleTrack.csproj", "{1567D194-8D21-4A4A-9280-D1822049FEBE}"
EndProject
Project("{FAE04EC0-301F-11D3-BF4B-00C04F79EFBC}") = "AleTrack.Tests", "AleTrack.Tests\AleTrack.Tests.csproj", "{1E7F27BC-A2C6-4F1B-89E4-B41C88F75563}"
EndProject
Global
	GlobalSection(SolutionConfigurationPlatforms) = preSolution
		Debug|Any CPU = Debug|Any CPU
		Release|Any CPU = Release|Any CPU
	EndGlobalSection
	GlobalSection(ProjectConfigurationPlatforms) = postSolution
		{1567D194-8D21-4A4A-9280-D1822049FEBE}.Debug|Any CPU.ActiveCfg = Debug|Any CPU
		{1567D194-8D21-4A4A-9280-D1822049FEBE}.Debug|Any CPU.Build.0 = Debug|Any CPU
		{1567D194-8D21-4A4A-9280-D1822049FEBE}.Release|Any CPU.ActiveCfg = Release|Any CPU
		{1567D194-8D21-4A4A-9280-D1822049FEBE}.Release|Any CPU.Build.0 = Release|Any CPU
		{1E7F27BC-A2C6-4F1B-89E4-B41C88F75563}.Debug|Any CPU.ActiveCfg = Debug|Any CPU
		{1E7F27BC-A2C6-4F1B-89E4-B41C88F75563}.Debug|Any CPU.Build.0 = Debug|Any CPU
		{1E7F27BC-A2C6-4F1B-89E4-B41C88F75563}.Release|Any CPU.ActiveCfg = Release|Any CPU
		{1E7F27BC-A2C6-4F1B-89E4-B41C88F75563}.Release|Any CPU.Build.0 = Release|Any CPU
	EndGlobalSection
EndGlobal
